
Microsoft Visual Studio Solution File, Format Version 12.00
# Visual Studio Version 16
VisualStudioVersion = 16.0.29025.244
MinimumVisualStudioVersion = 10.0.40219.1
Project("{FAE04EC0-301F-11D3-BF4B-00C04F79EFBC}") = "Taller4", "Taller4\Taller4.csproj", "{9761642D-780B-407C-8785-C7CFCB31E0CA}"
EndProject
Global
	GlobalSection(SolutionConfigurationPlatforms) = preSolution
		Debug|Any CPU = Debug|Any CPU
		Release|Any CPU = Release|Any CPU
	EndGlobalSection
	GlobalSection(ProjectConfigurationPlatforms) = postSolution
		{9761642D-780B-407C-8785-C7CFCB31E0CA}.Debug|Any CPU.ActiveCfg = Debug|Any CPU
		{9761642D-780B-407C-8785-C7CFCB31E0CA}.Debug|Any CPU.Build.0 = Debug|Any CPU
		{9761642D-780B-407C-8785-C7CFCB31E0CA}.Release|Any CPU.ActiveCfg = Release|Any CPU
		{9761642D-780B-407C-8785-C7CFCB31E0CA}.Release|Any CPU.Build.0 = Release|Any CPU
	EndGlobalSection
	GlobalSection(SolutionProperties) = preSolution
		HideSolutionNode = FALSE
	EndGlobalSection
	GlobalSection(ExtensibilityGlobals) = postSolution
		SolutionGuid = {1A656AF0-4366-4F56-8B89-754889A9D251}
	EndGlobalSection
EndGlobal
